
Microsoft Visual Studio Solution File, Format Version 12.00
# Visual Studio Version 17
VisualStudioVersion = 17.4.33205.214
MinimumVisualStudioVersion = 10.0.40219.1
Project("{9A19103F-16F7-4668-BE54-9A1E7A4F7556}") = "WinFormsApp.KütüphaneApp", "WinFormsApp.KütüphaneApp\WinFormsApp.KütüphaneApp.csproj", "{B3627E0B-20A3-40F6-AA35-C3A0AA4D7627}"
EndProject
Project("{9A19103F-16F7-4668-BE54-9A1E7A4F7556}") = "01.DatabasebEntity", "01.DatabasebEntity\01.DatabasebEntity.csproj", "{81315214-5F0B-4F97-B3FD-0EB9BA876B12}"
EndProject
Project("{9A19103F-16F7-4668-BE54-9A1E7A4F7556}") = "02.DatabaseModel", "02.DatabaseModel\02.DatabaseModel.csproj", "{8EEBE48E-ABDF-4C72-AE1B-6A9A7683F891}"
EndProject
Project("{FAE04EC0-301F-11D3-BF4B-00C04F79EFBC}") = "03.HelperClass", "03.HelperClass\03.HelperClass.csproj", "{1B154958-44C5-417C-8E4A-2690AA34C949}"
EndProject
Global
	GlobalSection(SolutionConfigurationPlatforms) = preSolution
		Debug|Any CPU = Debug|Any CPU
		Release|Any CPU = Release|Any CPU
	EndGlobalSection
	GlobalSection(ProjectConfigurationPlatforms) = postSolution
		{B3627E0B-20A3-40F6-AA35-C3A0AA4D7627}.Debug|Any CPU.ActiveCfg = Debug|Any CPU
		{B3627E0B-20A3-40F6-AA35-C3A0AA4D7627}.Debug|Any CPU.Build.0 = Debug|Any CPU
		{B3627E0B-20A3-40F6-AA35-C3A0AA4D7627}.Release|Any CPU.ActiveCfg = Release|Any CPU
		{B3627E0B-20A3-40F6-AA35-C3A0AA4D7627}.Release|Any CPU.Build.0 = Release|Any CPU
		{81315214-5F0B-4F97-B3FD-0EB9BA876B12}.Debug|Any CPU.ActiveCfg = Debug|Any CPU
		{81315214-5F0B-4F97-B3FD-0EB9BA876B12}.Debug|Any CPU.Build.0 = Debug|Any CPU
		{81315214-5F0B-4F97-B3FD-0EB9BA876B12}.Release|Any CPU.ActiveCfg = Release|Any CPU
		{81315214-5F0B-4F97-B3FD-0EB9BA876B12}.Release|Any CPU.Build.0 = Release|Any CPU
		{8EEBE48E-ABDF-4C72-AE1B-6A9A7683F891}.Debug|Any CPU.ActiveCfg = Debug|Any CPU
		{8EEBE48E-ABDF-4C72-AE1B-6A9A7683F891}.Debug|Any CPU.Build.0 = Debug|Any CPU
		{8EEBE48E-ABDF-4C72-AE1B-6A9A7683F891}.Release|Any CPU.ActiveCfg = Release|Any CPU
		{8EEBE48E-ABDF-4C72-AE1B-6A9A7683F891}.Release|Any CPU.Build.0 = Release|Any CPU
		{1B154958-44C5-417C-8E4A-2690AA34C949}.Debug|Any CPU.ActiveCfg = Debug|Any CPU
		{1B154958-44C5-417C-8E4A-2690AA34C949}.Debug|Any CPU.Build.0 = Debug|Any CPU
		{1B154958-44C5-417C-8E4A-2690AA34C949}.Release|Any CPU.ActiveCfg = Release|Any CPU
		{1B154958-44C5-417C-8E4A-2690AA34C949}.Release|Any CPU.Build.0 = Release|Any CPU
	EndGlobalSection
	GlobalSection(SolutionProperties) = preSolution
		HideSolutionNode = FALSE
	EndGlobalSection
	GlobalSection(ExtensibilityGlobals) = postSolution
		SolutionGuid = {CC0C9772-600C-4730-BD98-754EC02E4762}
	EndGlobalSection
EndGlobal
